// !$*UTF8*$!
{
	archiveVersion = 1;
	classes = {
	};
	objectVersion = 46;
	objects = {

/* Begin PBXBuildFile section */
		300B3A181F801EF3008110D1 /* CoreLocation.framework in Frameworks */ = {isa = PBXBuildFile; fileRef = 300B3A171F801EF3008110D1 /* CoreLocation.framework */; };
		300B3A1B1F8164DA008110D1 /* UserNotifications.framework in Frameworks */ = {isa = PBXBuildFile; fileRef = 300B3A1A1F8164DA008110D1 /* UserNotifications.framework */; };
		301904E01FC0A7C70098FBB0 /* Settings.bundle in Resources */ = {isa = PBXBuildFile; fileRef = 301904DF1FC0A7C70098FBB0 /* Settings.bundle */; };
		309A844F1F79CC4700AACF26 /* AppDelegate.swift in Sources */ = {isa = PBXBuildFile; fileRef = 309A844E1F79CC4700AACF26 /* AppDelegate.swift */; };
		309A84511F79CC4700AACF26 /* ViewController.swift in Sources */ = {isa = PBXBuildFile; fileRef = 309A84501F79CC4700AACF26 /* ViewController.swift */; };
		309A84541F79CC4700AACF26 /* Main.storyboard in Resources */ = {isa = PBXBuildFile; fileRef = 309A84521F79CC4700AACF26 /* Main.storyboard */; };
		309A84561F79CC4700AACF26 /* Assets.xcassets in Resources */ = {isa = PBXBuildFile; fileRef = 309A84551F79CC4700AACF26 /* Assets.xcassets */; };
		309A84591F79CC4700AACF26 /* LaunchScreen.storyboard in Resources */ = {isa = PBXBuildFile; fileRef = 309A84571F79CC4700AACF26 /* LaunchScreen.storyboard */; };
		309A84641F79CC4700AACF26 /* GroceryStoreAppTests.swift in Sources */ = {isa = PBXBuildFile; fileRef = 309A84631F79CC4700AACF26 /* GroceryStoreAppTests.swift */; };
		309A846F1F79CC4700AACF26 /* GroceryStoreAppUITests.swift in Sources */ = {isa = PBXBuildFile; fileRef = 309A846E1F79CC4700AACF26 /* GroceryStoreAppUITests.swift */; };
		30BC927B4F175AFB192178BE /* Pods_GroceryStoreAppUITests.framework in Frameworks */ = {isa = PBXBuildFile; fileRef = 61DF61639C2EEB206F06F250 /* Pods_GroceryStoreAppUITests.framework */; };
		AAA5A3FEEE6946A7ED5D3910 /* Pods_GroceryStoreApp.framework in Frameworks */ = {isa = PBXBuildFile; fileRef = 9D7EBFA004B802337D33EB31 /* Pods_GroceryStoreApp.framework */; };
		D794E10FFD10A11C03FE52DB /* Pods_GroceryStoreAppTests.framework in Frameworks */ = {isa = PBXBuildFile; fileRef = 4076A5AA5762861D23034D1A /* Pods_GroceryStoreAppTests.framework */; };
/* End PBXBuildFile section */

/* Begin PBXContainerItemProxy section */
		309A84601F79CC4700AACF26 /* PBXContainerItemProxy */ = {
			isa = PBXContainerItemProxy;
			containerPortal = 309A84431F79CC4600AACF26 /* Project object */;
			proxyType = 1;
			remoteGlobalIDString = 309A844A1F79CC4600AACF26;
			remoteInfo = GroceryStoreApp;
		};
		309A846B1F79CC4700AACF26 /* PBXContainerItemProxy */ = {
			isa = PBXContainerItemProxy;
			containerPortal = 309A84431F79CC4600AACF26 /* Project object */;
			proxyType = 1;
			remoteGlobalIDString = 309A844A1F79CC4600AACF26;
			remoteInfo = GroceryStoreApp;
		};
/* End PBXContainerItemProxy section */

/* Begin PBXFileReference section */
		001CFA4AB9A98FC1C333D3DB /* Pods-GroceryStoreAppUITests.release.xcconfig */ = {isa = PBXFileReference; includeInIndex = 1; lastKnownFileType = text.xcconfig; name = "Pods-GroceryStoreAppUITests.release.xcconfig"; path = "Pods/Target Support Files/Pods-GroceryStoreAppUITests/Pods-GroceryStoreAppUITests.release.xcconfig"; sourceTree = "<group>"; };
		09BFD0B547D597FA430DFC64 /* Pods-GroceryStoreAppUITests.debug.xcconfig */ = {isa = PBXFileReference; includeInIndex = 1; lastKnownFileType = text.xcconfig; name = "Pods-GroceryStoreAppUITests.debug.xcconfig"; path = "Pods/Target Support Files/Pods-GroceryStoreAppUITests/Pods-GroceryStoreAppUITests.debug.xcconfig"; sourceTree = "<group>"; };
		1ADF6F839D0BA0570EBCD9C8 /* Pods-GroceryStoreApp.release.xcconfig */ = {isa = PBXFileReference; includeInIndex = 1; lastKnownFileType = text.xcconfig; name = "Pods-GroceryStoreApp.release.xcconfig"; path = "Pods/Target Support Files/Pods-GroceryStoreApp/Pods-GroceryStoreApp.release.xcconfig"; sourceTree = "<group>"; };
		300B3A171F801EF3008110D1 /* CoreLocation.framework */ = {isa = PBXFileReference; lastKnownFileType = wrapper.framework; name = CoreLocation.framework; path = System/Library/Frameworks/CoreLocation.framework; sourceTree = SDKROOT; };
		300B3A1A1F8164DA008110D1 /* UserNotifications.framework */ = {isa = PBXFileReference; lastKnownFileType = wrapper.framework; name = UserNotifications.framework; path = System/Library/Frameworks/UserNotifications.framework; sourceTree = SDKROOT; };
		301904DF1FC0A7C70098FBB0 /* Settings.bundle */ = {isa = PBXFileReference; lastKnownFileType = "wrapper.plug-in"; path = Settings.bundle; sourceTree = "<group>"; };
		309A844B1F79CC4700AACF26 /* GroceryStoreApp.app */ = {isa = PBXFileReference; explicitFileType = wrapper.application; includeInIndex = 0; path = GroceryStoreApp.app; sourceTree = BUILT_PRODUCTS_DIR; };
		309A844E1F79CC4700AACF26 /* AppDelegate.swift */ = {isa = PBXFileReference; lastKnownFileType = sourcecode.swift; path = AppDelegate.swift; sourceTree = "<group>"; };
		309A84501F79CC4700AACF26 /* ViewController.swift */ = {isa = PBXFileReference; lastKnownFileType = sourcecode.swift; path = ViewController.swift; sourceTree = "<group>"; };
		309A84531F79CC4700AACF26 /* Base */ = {isa = PBXFileReference; lastKnownFileType = file.storyboard; name = Base; path = Base.lproj/Main.storyboard; sourceTree = "<group>"; };
		309A84551F79CC4700AACF26 /* Assets.xcassets */ = {isa = PBXFileReference; lastKnownFileType = folder.assetcatalog; path = Assets.xcassets; sourceTree = "<group>"; };
		309A84581F79CC4700AACF26 /* Base */ = {isa = PBXFileReference; lastKnownFileType = file.storyboard; name = Base; path = Base.lproj/LaunchScreen.storyboard; sourceTree = "<group>"; };
		309A845A1F79CC4700AACF26 /* Info.plist */ = {isa = PBXFileReference; lastKnownFileType = text.plist.xml; path = Info.plist; sourceTree = "<group>"; };
		309A845F1F79CC4700AACF26 /* GroceryStoreAppTests.xctest */ = {isa = PBXFileReference; explicitFileType = wrapper.cfbundle; includeInIndex = 0; path = GroceryStoreAppTests.xctest; sourceTree = BUILT_PRODUCTS_DIR; };
		309A84631F79CC4700AACF26 /* GroceryStoreAppTests.swift */ = {isa = PBXFileReference; lastKnownFileType = sourcecode.swift; path = GroceryStoreAppTests.swift; sourceTree = "<group>"; };
		309A84651F79CC4700AACF26 /* Info.plist */ = {isa = PBXFileReference; lastKnownFileType = text.plist.xml; path = Info.plist; sourceTree = "<group>"; };
		309A846A1F79CC4700AACF26 /* GroceryStoreAppUITests.xctest */ = {isa = PBXFileReference; explicitFileType = wrapper.cfbundle; includeInIndex = 0; path = GroceryStoreAppUITests.xctest; sourceTree = BUILT_PRODUCTS_DIR; };
		309A846E1F79CC4700AACF26 /* GroceryStoreAppUITests.swift */ = {isa = PBXFileReference; lastKnownFileType = sourcecode.swift; path = GroceryStoreAppUITests.swift; sourceTree = "<group>"; };
		309A84701F79CC4700AACF26 /* Info.plist */ = {isa = PBXFileReference; lastKnownFileType = text.plist.xml; path = Info.plist; sourceTree = "<group>"; };
		30F8A9A41F818BB20048AD16 /* GroceryStoreApp.entitlements */ = {isa = PBXFileReference; lastKnownFileType = text.plist.entitlements; path = GroceryStoreApp.entitlements; sourceTree = "<group>"; };
		4076A5AA5762861D23034D1A /* Pods_GroceryStoreAppTests.framework */ = {isa = PBXFileReference; explicitFileType = wrapper.framework; includeInIndex = 0; path = Pods_GroceryStoreAppTests.framework; sourceTree = BUILT_PRODUCTS_DIR; };
		61DF61639C2EEB206F06F250 /* Pods_GroceryStoreAppUITests.framework */ = {isa = PBXFileReference; explicitFileType = wrapper.framework; includeInIndex = 0; path = Pods_GroceryStoreAppUITests.framework; sourceTree = BUILT_PRODUCTS_DIR; };
		6E232EC9EC092FC409080B3B /* Pods-GroceryStoreApp.debug.xcconfig */ = {isa = PBXFileReference; includeInIndex = 1; lastKnownFileType = text.xcconfig; name = "Pods-GroceryStoreApp.debug.xcconfig"; path = "Pods/Target Support Files/Pods-GroceryStoreApp/Pods-GroceryStoreApp.debug.xcconfig"; sourceTree = "<group>"; };
		7B81C7D0ACF5E06F407264E4 /* Pods-GroceryStoreAppTests.release.xcconfig */ = {isa = PBXFileReference; includeInIndex = 1; lastKnownFileType = text.xcconfig; name = "Pods-GroceryStoreAppTests.release.xcconfig"; path = "Pods/Target Support Files/Pods-GroceryStoreAppTests/Pods-GroceryStoreAppTests.release.xcconfig"; sourceTree = "<group>"; };
		9D7EBFA004B802337D33EB31 /* Pods_GroceryStoreApp.framework */ = {isa = PBXFileReference; explicitFileType = wrapper.framework; includeInIndex = 0; path = Pods_GroceryStoreApp.framework; sourceTree = BUILT_PRODUCTS_DIR; };
		E9F3AB7C35805A0856A680CD /* Pods-GroceryStoreAppTests.debug.xcconfig */ = {isa = PBXFileReference; includeInIndex = 1; lastKnownFileType = text.xcconfig; name = "Pods-GroceryStoreAppTests.debug.xcconfig"; path = "Pods/Target Support Files/Pods-GroceryStoreAppTests/Pods-GroceryStoreAppTests.debug.xcconfig"; sourceTree = "<group>"; };
/* End PBXFileReference section */

/* Begin PBXFrameworksBuildPhase section */
		309A84481F79CC4600AACF26 /* Frameworks */ = {
			isa = PBXFrameworksBuildPhase;
			buildActionMask = 2147483647;
			files = (
				300B3A1B1F8164DA008110D1 /* UserNotifications.framework in Frameworks */,
				300B3A181F801EF3008110D1 /* CoreLocation.framework in Frameworks */,
				AAA5A3FEEE6946A7ED5D3910 /* Pods_GroceryStoreApp.framework in Frameworks */,
			);
			runOnlyForDeploymentPostprocessing = 0;
		};
		309A845C1F79CC4700AACF26 /* Frameworks */ = {
			isa = PBXFrameworksBuildPhase;
			buildActionMask = 2147483647;
			files = (
				D794E10FFD10A11C03FE52DB /* Pods_GroceryStoreAppTests.framework in Frameworks */,
			);
			runOnlyForDeploymentPostprocessing = 0;
		};
		309A84671F79CC4700AACF26 /* Frameworks */ = {
			isa = PBXFrameworksBuildPhase;
			buildActionMask = 2147483647;
			files = (
				30BC927B4F175AFB192178BE /* Pods_GroceryStoreAppUITests.framework in Frameworks */,
			);
			runOnlyForDeploymentPostprocessing = 0;
		};
/* End PBXFrameworksBuildPhase section */

/* Begin PBXGroup section */
		309A84421F79CC4600AACF26 = {
			isa = PBXGroup;
			children = (
				309A844D1F79CC4700AACF26 /* GroceryStoreApp */,
				309A84621F79CC4700AACF26 /* GroceryStoreAppTests */,
				309A846D1F79CC4700AACF26 /* GroceryStoreAppUITests */,
				309A844C1F79CC4700AACF26 /* Products */,
				6D5E150319EFE28A3B634B81 /* Pods */,
				818EAF96D0FFE2AFD1DF8E14 /* Frameworks */,
			);
			sourceTree = "<group>";
		};
		309A844C1F79CC4700AACF26 /* Products */ = {
			isa = PBXGroup;
			children = (
				309A844B1F79CC4700AACF26 /* GroceryStoreApp.app */,
				309A845F1F79CC4700AACF26 /* GroceryStoreAppTests.xctest */,
				309A846A1F79CC4700AACF26 /* GroceryStoreAppUITests.xctest */,
			);
			name = Products;
			sourceTree = "<group>";
		};
		309A844D1F79CC4700AACF26 /* GroceryStoreApp */ = {
			isa = PBXGroup;
			children = (
				30F8A9A41F818BB20048AD16 /* GroceryStoreApp.entitlements */,
				309A844E1F79CC4700AACF26 /* AppDelegate.swift */,
				301904DF1FC0A7C70098FBB0 /* Settings.bundle */,
				309A84501F79CC4700AACF26 /* ViewController.swift */,
				309A84521F79CC4700AACF26 /* Main.storyboard */,
				309A84551F79CC4700AACF26 /* Assets.xcassets */,
				309A84571F79CC4700AACF26 /* LaunchScreen.storyboard */,
				309A845A1F79CC4700AACF26 /* Info.plist */,
			);
			path = GroceryStoreApp;
			sourceTree = "<group>";
		};
		309A84621F79CC4700AACF26 /* GroceryStoreAppTests */ = {
			isa = PBXGroup;
			children = (
				309A84631F79CC4700AACF26 /* GroceryStoreAppTests.swift */,
				309A84651F79CC4700AACF26 /* Info.plist */,
			);
			path = GroceryStoreAppTests;
			sourceTree = "<group>";
		};
		309A846D1F79CC4700AACF26 /* GroceryStoreAppUITests */ = {
			isa = PBXGroup;
			children = (
				309A846E1F79CC4700AACF26 /* GroceryStoreAppUITests.swift */,
				309A84701F79CC4700AACF26 /* Info.plist */,
			);
			path = GroceryStoreAppUITests;
			sourceTree = "<group>";
		};
		6D5E150319EFE28A3B634B81 /* Pods */ = {
			isa = PBXGroup;
			children = (
				6E232EC9EC092FC409080B3B /* Pods-GroceryStoreApp.debug.xcconfig */,
				1ADF6F839D0BA0570EBCD9C8 /* Pods-GroceryStoreApp.release.xcconfig */,
				E9F3AB7C35805A0856A680CD /* Pods-GroceryStoreAppTests.debug.xcconfig */,
				7B81C7D0ACF5E06F407264E4 /* Pods-GroceryStoreAppTests.release.xcconfig */,
				09BFD0B547D597FA430DFC64 /* Pods-GroceryStoreAppUITests.debug.xcconfig */,
				001CFA4AB9A98FC1C333D3DB /* Pods-GroceryStoreAppUITests.release.xcconfig */,
			);
			name = Pods;
			sourceTree = "<group>";
		};
		818EAF96D0FFE2AFD1DF8E14 /* Frameworks */ = {
			isa = PBXGroup;
			children = (
				300B3A1A1F8164DA008110D1 /* UserNotifications.framework */,
				300B3A171F801EF3008110D1 /* CoreLocation.framework */,
				9D7EBFA004B802337D33EB31 /* Pods_GroceryStoreApp.framework */,
				4076A5AA5762861D23034D1A /* Pods_GroceryStoreAppTests.framework */,
				61DF61639C2EEB206F06F250 /* Pods_GroceryStoreAppUITests.framework */,
			);
			name = Frameworks;
			sourceTree = "<group>";
		};
/* End PBXGroup section */

/* Begin PBXNativeTarget section */
		309A844A1F79CC4600AACF26 /* GroceryStoreApp */ = {
			isa = PBXNativeTarget;
			buildConfigurationList = 309A84731F79CC4700AACF26 /* Build configuration list for PBXNativeTarget "GroceryStoreApp" */;
			buildPhases = (
				F32744051A37F3659D3074D0 /* [CP] Check Pods Manifest.lock */,
				309A84471F79CC4600AACF26 /* Sources */,
				309A84481F79CC4600AACF26 /* Frameworks */,
				309A84491F79CC4600AACF26 /* Resources */,
				D9C698A1FAB0DCD1DCED9A8F /* [CP] Embed Pods Frameworks */,
				CC801BC607CE6C5DC6414B5D /* [CP] Copy Pods Resources */,
			);
			buildRules = (
			);
			dependencies = (
			);
			name = GroceryStoreApp;
			productName = GroceryStoreApp;
			productReference = 309A844B1F79CC4700AACF26 /* GroceryStoreApp.app */;
			productType = "com.apple.product-type.application";
		};
		309A845E1F79CC4700AACF26 /* GroceryStoreAppTests */ = {
			isa = PBXNativeTarget;
			buildConfigurationList = 309A84761F79CC4700AACF26 /* Build configuration list for PBXNativeTarget "GroceryStoreAppTests" */;
			buildPhases = (
				57544D9A8AF53608DDB54027 /* [CP] Check Pods Manifest.lock */,
				309A845B1F79CC4700AACF26 /* Sources */,
				309A845C1F79CC4700AACF26 /* Frameworks */,
				309A845D1F79CC4700AACF26 /* Resources */,
				2E697546CA40E5A2F0BF0E87 /* [CP] Embed Pods Frameworks */,
				62A967521655CA2D4CE09406 /* [CP] Copy Pods Resources */,
			);
			buildRules = (
			);
			dependencies = (
				309A84611F79CC4700AACF26 /* PBXTargetDependency */,
			);
			name = GroceryStoreAppTests;
			productName = GroceryStoreAppTests;
			productReference = 309A845F1F79CC4700AACF26 /* GroceryStoreAppTests.xctest */;
			productType = "com.apple.product-type.bundle.unit-test";
		};
		309A84691F79CC4700AACF26 /* GroceryStoreAppUITests */ = {
			isa = PBXNativeTarget;
			buildConfigurationList = 309A84791F79CC4700AACF26 /* Build configuration list for PBXNativeTarget "GroceryStoreAppUITests" */;
			buildPhases = (
				CE1F3D6CD1DDFCEDED2862CE /* [CP] Check Pods Manifest.lock */,
				309A84661F79CC4700AACF26 /* Sources */,
				309A84671F79CC4700AACF26 /* Frameworks */,
				309A84681F79CC4700AACF26 /* Resources */,
				78BFF15D3A91CE0C6B0455EA /* [CP] Embed Pods Frameworks */,
				A5277B0C6CF78A579606613A /* [CP] Copy Pods Resources */,
			);
			buildRules = (
			);
			dependencies = (
				309A846C1F79CC4700AACF26 /* PBXTargetDependency */,
			);
			name = GroceryStoreAppUITests;
			productName = GroceryStoreAppUITests;
			productReference = 309A846A1F79CC4700AACF26 /* GroceryStoreAppUITests.xctest */;
			productType = "com.apple.product-type.bundle.ui-testing";
		};
/* End PBXNativeTarget section */

/* Begin PBXProject section */
		309A84431F79CC4600AACF26 /* Project object */ = {
			isa = PBXProject;
			attributes = {
				LastSwiftUpdateCheck = 0830;
				LastUpgradeCheck = 0900;
				ORGANIZATIONNAME = "Max Paspa";
				TargetAttributes = {
					309A844A1F79CC4600AACF26 = {
						CreatedOnToolsVersion = 8.3.3;
						DevelopmentTeam = 495AX3EK9J;
						LastSwiftMigration = 0900;
						ProvisioningStyle = Manual;
						SystemCapabilities = {
							com.apple.BackgroundModes = {
								enabled = 1;
							};
							com.apple.Push = {
								enabled = 1;
							};
						};
					};
					309A845E1F79CC4700AACF26 = {
						CreatedOnToolsVersion = 8.3.3;
						LastSwiftMigration = 0900;
						ProvisioningStyle = Automatic;
						TestTargetID = 309A844A1F79CC4600AACF26;
					};
					309A84691F79CC4700AACF26 = {
						CreatedOnToolsVersion = 8.3.3;
						LastSwiftMigration = 0900;
						ProvisioningStyle = Automatic;
						TestTargetID = 309A844A1F79CC4600AACF26;
					};
				};
			};
			buildConfigurationList = 309A84461F79CC4600AACF26 /* Build configuration list for PBXProject "GroceryStoreApp" */;
			compatibilityVersion = "Xcode 3.2";
			developmentRegion = English;
			hasScannedForEncodings = 0;
			knownRegions = (
				en,
				Base,
			);
			mainGroup = 309A84421F79CC4600AACF26;
			productRefGroup = 309A844C1F79CC4700AACF26 /* Products */;
			projectDirPath = "";
			projectRoot = "";
			targets = (
				309A844A1F79CC4600AACF26 /* GroceryStoreApp */,
				309A845E1F79CC4700AACF26 /* GroceryStoreAppTests */,
				309A84691F79CC4700AACF26 /* GroceryStoreAppUITests */,
			);
		};
/* End PBXProject section */

/* Begin PBXResourcesBuildPhase section */
		309A84491F79CC4600AACF26 /* Resources */ = {
			isa = PBXResourcesBuildPhase;
			buildActionMask = 2147483647;
			files = (
				301904E01FC0A7C70098FBB0 /* Settings.bundle in Resources */,
				309A84591F79CC4700AACF26 /* LaunchScreen.storyboard in Resources */,
				309A84561F79CC4700AACF26 /* Assets.xcassets in Resources */,
				309A84541F79CC4700AACF26 /* Main.storyboard in Resources */,
			);
			runOnlyForDeploymentPostprocessing = 0;
		};
		309A845D1F79CC4700AACF26 /* Resources */ = {
			isa = PBXResourcesBuildPhase;
			buildActionMask = 2147483647;
			files = (
			);
			runOnlyForDeploymentPostprocessing = 0;
		};
		309A84681F79CC4700AACF26 /* Resources */ = {
			isa = PBXResourcesBuildPhase;
			buildActionMask = 2147483647;
			files = (
			);
			runOnlyForDeploymentPostprocessing = 0;
		};
/* End PBXResourcesBuildPhase section */

/* Begin PBXShellScriptBuildPhase section */
		2E697546CA40E5A2F0BF0E87 /* [CP] Embed Pods Frameworks */ = {
			isa = PBXShellScriptBuildPhase;
			buildActionMask = 2147483647;
			files = (
			);
			inputPaths = (
			);
			name = "[CP] Embed Pods Frameworks";
			outputPaths = (
			);
			runOnlyForDeploymentPostprocessing = 0;
			shellPath = /bin/sh;
			shellScript = "\"${SRCROOT}/Pods/Target Support Files/Pods-GroceryStoreAppTests/Pods-GroceryStoreAppTests-frameworks.sh\"\n";
			showEnvVarsInLog = 0;
		};
		57544D9A8AF53608DDB54027 /* [CP] Check Pods Manifest.lock */ = {
			isa = PBXShellScriptBuildPhase;
			buildActionMask = 2147483647;
			files = (
			);
			inputPaths = (
				"${PODS_PODFILE_DIR_PATH}/Podfile.lock",
				"${PODS_ROOT}/Manifest.lock",
			);
			name = "[CP] Check Pods Manifest.lock";
			outputPaths = (
				"$(DERIVED_FILE_DIR)/Pods-GroceryStoreAppTests-checkManifestLockResult.txt",
			);
			runOnlyForDeploymentPostprocessing = 0;
			shellPath = /bin/sh;
			shellScript = "diff \"${PODS_PODFILE_DIR_PATH}/Podfile.lock\" \"${PODS_ROOT}/Manifest.lock\" > /dev/null\nif [ $? != 0 ] ; then\n    # print error to STDERR\n    echo \"error: The sandbox is not in sync with the Podfile.lock. Run 'pod install' or update your CocoaPods installation.\" >&2\n    exit 1\nfi\n# This output is used by Xcode 'outputs' to avoid re-running this script phase.\necho \"SUCCESS\" > \"${SCRIPT_OUTPUT_FILE_0}\"\n";
			showEnvVarsInLog = 0;
		};
		62A967521655CA2D4CE09406 /* [CP] Copy Pods Resources */ = {
			isa = PBXShellScriptBuildPhase;
			buildActionMask = 2147483647;
			files = (
			);
			inputPaths = (
			);
			name = "[CP] Copy Pods Resources";
			outputPaths = (
			);
			runOnlyForDeploymentPostprocessing = 0;
			shellPath = /bin/sh;
			shellScript = "\"${SRCROOT}/Pods/Target Support Files/Pods-GroceryStoreAppTests/Pods-GroceryStoreAppTests-resources.sh\"\n";
			showEnvVarsInLog = 0;
		};
		78BFF15D3A91CE0C6B0455EA /* [CP] Embed Pods Frameworks */ = {
			isa = PBXShellScriptBuildPhase;
			buildActionMask = 2147483647;
			files = (
			);
			inputPaths = (
			);
			name = "[CP] Embed Pods Frameworks";
			outputPaths = (
			);
			runOnlyForDeploymentPostprocessing = 0;
			shellPath = /bin/sh;
			shellScript = "\"${SRCROOT}/Pods/Target Support Files/Pods-GroceryStoreAppUITests/Pods-GroceryStoreAppUITests-frameworks.sh\"\n";
			showEnvVarsInLog = 0;
		};
		A5277B0C6CF78A579606613A /* [CP] Copy Pods Resources */ = {
			isa = PBXShellScriptBuildPhase;
			buildActionMask = 2147483647;
			files = (
			);
			inputPaths = (
			);
			name = "[CP] Copy Pods Resources";
			outputPaths = (
			);
			runOnlyForDeploymentPostprocessing = 0;
			shellPath = /bin/sh;
			shellScript = "\"${SRCROOT}/Pods/Target Support Files/Pods-GroceryStoreAppUITests/Pods-GroceryStoreAppUITests-resources.sh\"\n";
			showEnvVarsInLog = 0;
		};
		CC801BC607CE6C5DC6414B5D /* [CP] Copy Pods Resources */ = {
			isa = PBXShellScriptBuildPhase;
			buildActionMask = 2147483647;
			files = (
			);
			inputPaths = (
				"${SRCROOT}/Pods/Target Support Files/Pods-GroceryStoreApp/Pods-GroceryStoreApp-resources.sh",
				"${PODS_ROOT}/GoogleMaps/Maps/Frameworks/GoogleMaps.framework/Resources/GoogleMaps.bundle",
				"${PODS_ROOT}/GooglePlaces/Frameworks/GooglePlaces.framework/Resources/GooglePlaces.bundle",
			);
			name = "[CP] Copy Pods Resources";
			outputPaths = (
				"${TARGET_BUILD_DIR}/${UNLOCALIZED_RESOURCES_FOLDER_PATH}",
			);
			runOnlyForDeploymentPostprocessing = 0;
			shellPath = /bin/sh;
			shellScript = "\"${SRCROOT}/Pods/Target Support Files/Pods-GroceryStoreApp/Pods-GroceryStoreApp-resources.sh\"\n";
			showEnvVarsInLog = 0;
		};
		CE1F3D6CD1DDFCEDED2862CE /* [CP] Check Pods Manifest.lock */ = {
			isa = PBXShellScriptBuildPhase;
			buildActionMask = 2147483647;
			files = (
			);
			inputPaths = (
				"${PODS_PODFILE_DIR_PATH}/Podfile.lock",
				"${PODS_ROOT}/Manifest.lock",
			);
			name = "[CP] Check Pods Manifest.lock";
			outputPaths = (
				"$(DERIVED_FILE_DIR)/Pods-GroceryStoreAppUITests-checkManifestLockResult.txt",
			);
			runOnlyForDeploymentPostprocessing = 0;
			shellPath = /bin/sh;
			shellScript = "diff \"${PODS_PODFILE_DIR_PATH}/Podfile.lock\" \"${PODS_ROOT}/Manifest.lock\" > /dev/null\nif [ $? != 0 ] ; then\n    # print error to STDERR\n    echo \"error: The sandbox is not in sync with the Podfile.lock. Run 'pod install' or update your CocoaPods installation.\" >&2\n    exit 1\nfi\n# This output is used by Xcode 'outputs' to avoid re-running this script phase.\necho \"SUCCESS\" > \"${SCRIPT_OUTPUT_FILE_0}\"\n";
			showEnvVarsInLog = 0;
		};
		D9C698A1FAB0DCD1DCED9A8F /* [CP] Embed Pods Frameworks */ = {
			isa = PBXShellScriptBuildPhase;
			buildActionMask = 2147483647;
			files = (
			);
			inputPaths = (
				"${SRCROOT}/Pods/Target Support Files/Pods-GroceryStoreApp/Pods-GroceryStoreApp-frameworks.sh",
				"${BUILT_PRODUCTS_DIR}/PusherSwift/PusherSwift.framework",
			);
			name = "[CP] Embed Pods Frameworks";
			outputPaths = (
				"${TARGET_BUILD_DIR}/${FRAMEWORKS_FOLDER_PATH}/PusherSwift.framework",
			);
			runOnlyForDeploymentPostprocessing = 0;
			shellPath = /bin/sh;
			shellScript = "\"${SRCROOT}/Pods/Target Support Files/Pods-GroceryStoreApp/Pods-GroceryStoreApp-frameworks.sh\"\n";
			showEnvVarsInLog = 0;
		};
		F32744051A37F3659D3074D0 /* [CP] Check Pods Manifest.lock */ = {
			isa = PBXShellScriptBuildPhase;
			buildActionMask = 2147483647;
			files = (
			);
			inputPaths = (
				"${PODS_PODFILE_DIR_PATH}/Podfile.lock",
				"${PODS_ROOT}/Manifest.lock",
			);
			name = "[CP] Check Pods Manifest.lock";
			outputPaths = (
				"$(DERIVED_FILE_DIR)/Pods-GroceryStoreApp-checkManifestLockResult.txt",
			);
			runOnlyForDeploymentPostprocessing = 0;
			shellPath = /bin/sh;
			shellScript = "diff \"${PODS_PODFILE_DIR_PATH}/Podfile.lock\" \"${PODS_ROOT}/Manifest.lock\" > /dev/null\nif [ $? != 0 ] ; then\n    # print error to STDERR\n    echo \"error: The sandbox is not in sync with the Podfile.lock. Run 'pod install' or update your CocoaPods installation.\" >&2\n    exit 1\nfi\n# This output is used by Xcode 'outputs' to avoid re-running this script phase.\necho \"SUCCESS\" > \"${SCRIPT_OUTPUT_FILE_0}\"\n";
			showEnvVarsInLog = 0;
		};
/* End PBXShellScriptBuildPhase section */

/* Begin PBXSourcesBuildPhase section */
		309A84471F79CC4600AACF26 /* Sources */ = {
			isa = PBXSourcesBuildPhase;
			buildActionMask = 2147483647;
			files = (
				309A84511F79CC4700AACF26 /* ViewController.swift in Sources */,
				309A844F1F79CC4700AACF26 /* AppDelegate.swift in Sources */,
			);
			runOnlyForDeploymentPostprocessing = 0;
		};
		309A845B1F79CC4700AACF26 /* Sources */ = {
			isa = PBXSourcesBuildPhase;
			buildActionMask = 2147483647;
			files = (
				309A84641F79CC4700AACF26 /* GroceryStoreAppTests.swift in Sources */,
			);
			runOnlyForDeploymentPostprocessing = 0;
		};
		309A84661F79CC4700AACF26 /* Sources */ = {
			isa = PBXSourcesBuildPhase;
			buildActionMask = 2147483647;
			files = (
				309A846F1F79CC4700AACF26 /* GroceryStoreAppUITests.swift in Sources */,
			);
			runOnlyForDeploymentPostprocessing = 0;
		};
/* End PBXSourcesBuildPhase section */

/* Begin PBXTargetDependency section */
		309A84611F79CC4700AACF26 /* PBXTargetDependency */ = {
			isa = PBXTargetDependency;
			target = 309A844A1F79CC4600AACF26 /* GroceryStoreApp */;
			targetProxy = 309A84601F79CC4700AACF26 /* PBXContainerItemProxy */;
		};
		309A846C1F79CC4700AACF26 /* PBXTargetDependency */ = {
			isa = PBXTargetDependency;
			target = 309A844A1F79CC4600AACF26 /* GroceryStoreApp */;
			targetProxy = 309A846B1F79CC4700AACF26 /* PBXContainerItemProxy */;
		};
/* End PBXTargetDependency section */

/* Begin PBXVariantGroup section */
		309A84521F79CC4700AACF26 /* Main.storyboard */ = {
			isa = PBXVariantGroup;
			children = (
				309A84531F79CC4700AACF26 /* Base */,
			);
			name = Main.storyboard;
			sourceTree = "<group>";
		};
		309A84571F79CC4700AACF26 /* LaunchScreen.storyboard */ = {
			isa = PBXVariantGroup;
			children = (
				309A84581F79CC4700AACF26 /* Base */,
			);
			name = LaunchScreen.storyboard;
			sourceTree = "<group>";
		};
/* End PBXVariantGroup section */

/* Begin XCBuildConfiguration section */
		309A84711F79CC4700AACF26 /* Debug */ = {
			isa = XCBuildConfiguration;
			buildSettings = {
				ALWAYS_SEARCH_USER_PATHS = NO;
				CLANG_ANALYZER_NONNULL = YES;
				CLANG_ANALYZER_NUMBER_OBJECT_CONVERSION = YES_AGGRESSIVE;
				CLANG_CXX_LANGUAGE_STANDARD = "gnu++0x";
				CLANG_CXX_LIBRARY = "libc++";
				CLANG_ENABLE_MODULES = YES;
				CLANG_ENABLE_OBJC_ARC = YES;
				CLANG_WARN_BLOCK_CAPTURE_AUTORELEASING = YES;
				CLANG_WARN_BOOL_CONVERSION = YES;
				CLANG_WARN_COMMA = YES;
				CLANG_WARN_CONSTANT_CONVERSION = YES;
				CLANG_WARN_DIRECT_OBJC_ISA_USAGE = YES_ERROR;
				CLANG_WARN_DOCUMENTATION_COMMENTS = YES;
				CLANG_WARN_EMPTY_BODY = YES;
				CLANG_WARN_ENUM_CONVERSION = YES;
				CLANG_WARN_INFINITE_RECURSION = YES;
				CLANG_WARN_INT_CONVERSION = YES;
				CLANG_WARN_NON_LITERAL_NULL_CONVERSION = YES;
				CLANG_WARN_OBJC_LITERAL_CONVERSION = YES;
				CLANG_WARN_OBJC_ROOT_CLASS = YES_ERROR;
				CLANG_WARN_RANGE_LOOP_ANALYSIS = YES;
				CLANG_WARN_STRICT_PROTOTYPES = YES;
				CLANG_WARN_SUSPICIOUS_MOVE = YES;
				CLANG_WARN_UNREACHABLE_CODE = YES;
				CLANG_WARN__DUPLICATE_METHOD_MATCH = YES;
				CODE_SIGN_IDENTITY = "iPhone Developer: Max Paspa (R39Y83USH8)";
				"CODE_SIGN_IDENTITY[sdk=iphoneos*]" = "iPhone Developer: Max Paspa (R39Y83USH8)";
				COPY_PHASE_STRIP = NO;
				DEBUG_INFORMATION_FORMAT = dwarf;
				ENABLE_STRICT_OBJC_MSGSEND = YES;
				ENABLE_TESTABILITY = YES;
				GCC_C_LANGUAGE_STANDARD = gnu99;
				GCC_DYNAMIC_NO_PIC = NO;
				GCC_NO_COMMON_BLOCKS = YES;
				GCC_OPTIMIZATION_LEVEL = 0;
				GCC_PREPROCESSOR_DEFINITIONS = (
					"DEBUG=1",
					"$(inherited)",
				);
				GCC_WARN_64_TO_32_BIT_CONVERSION = YES;
				GCC_WARN_ABOUT_RETURN_TYPE = YES_ERROR;
				GCC_WARN_UNDECLARED_SELECTOR = YES;
				GCC_WARN_UNINITIALIZED_AUTOS = YES_AGGRESSIVE;
				GCC_WARN_UNUSED_FUNCTION = YES;
				GCC_WARN_UNUSED_VARIABLE = YES;
				IPHONEOS_DEPLOYMENT_TARGET = 11.0;
				MTL_ENABLE_DEBUG_INFO = YES;
				ONLY_ACTIVE_ARCH = YES;
				SDKROOT = iphoneos;
				SWIFT_ACTIVE_COMPILATION_CONDITIONS = DEBUG;
				SWIFT_OPTIMIZATION_LEVEL = "-Onone";
			};
			name = Debug;
		};
		309A84721F79CC4700AACF26 /* Release */ = {
			isa = XCBuildConfiguration;
			buildSettings = {
				ALWAYS_SEARCH_USER_PATHS = NO;
				CLANG_ANALYZER_NONNULL = YES;
				CLANG_ANALYZER_NUMBER_OBJECT_CONVERSION = YES_AGGRESSIVE;
				CLANG_CXX_LANGUAGE_STANDARD = "gnu++0x";
				CLANG_CXX_LIBRARY = "libc++";
				CLANG_ENABLE_MODULES = YES;
				CLANG_ENABLE_OBJC_ARC = YES;
				CLANG_WARN_BLOCK_CAPTURE_AUTORELEASING = YES;
				CLANG_WARN_BOOL_CONVERSION = YES;
				CLANG_WARN_COMMA = YES;
				CLANG_WARN_CONSTANT_CONVERSION = YES;
				CLANG_WARN_DIRECT_OBJC_ISA_USAGE = YES_ERROR;
				CLANG_WARN_DOCUMENTATION_COMMENTS = YES;
				CLANG_WARN_EMPTY_BODY = YES;
				CLANG_WARN_ENUM_CONVERSION = YES;
				CLANG_WARN_INFINITE_RECURSION = YES;
				CLANG_WARN_INT_CONVERSION = YES;
				CLANG_WARN_NON_LITERAL_NULL_CONVERSION = YES;
				CLANG_WARN_OBJC_LITERAL_CONVERSION = YES;
				CLANG_WARN_OBJC_ROOT_CLASS = YES_ERROR;
				CLANG_WARN_RANGE_LOOP_ANALYSIS = YES;
				CLANG_WARN_STRICT_PROTOTYPES = YES;
				CLANG_WARN_SUSPICIOUS_MOVE = YES;
				CLANG_WARN_UNREACHABLE_CODE = YES;
				CLANG_WARN__DUPLICATE_METHOD_MATCH = YES;
				CODE_SIGN_IDENTITY = "iPhone Developer: Max Paspa (R39Y83USH8)";
				"CODE_SIGN_IDENTITY[sdk=iphoneos*]" = "iPhone Developer: Max Paspa (R39Y83USH8)";
				COPY_PHASE_STRIP = NO;
				DEBUG_INFORMATION_FORMAT = "dwarf-with-dsym";
				ENABLE_NS_ASSERTIONS = NO;
				ENABLE_STRICT_OBJC_MSGSEND = YES;
				GCC_C_LANGUAGE_STANDARD = gnu99;
				GCC_NO_COMMON_BLOCKS = YES;
				GCC_WARN_64_TO_32_BIT_CONVERSION = YES;
				GCC_WARN_ABOUT_RETURN_TYPE = YES_ERROR;
				GCC_WARN_UNDECLARED_SELECTOR = YES;
				GCC_WARN_UNINITIALIZED_AUTOS = YES_AGGRESSIVE;
				GCC_WARN_UNUSED_FUNCTION = YES;
				GCC_WARN_UNUSED_VARIABLE = YES;
				IPHONEOS_DEPLOYMENT_TARGET = 11.0;
				MTL_ENABLE_DEBUG_INFO = NO;
				ONLY_ACTIVE_ARCH = YES;
				SDKROOT = iphoneos;
				SWIFT_OPTIMIZATION_LEVEL = "-Owholemodule";
				VALIDATE_PRODUCT = YES;
			};
			name = Release;
		};
		309A84741F79CC4700AACF26 /* Debug */ = {
			isa = XCBuildConfiguration;
			baseConfigurationReference = 6E232EC9EC092FC409080B3B /* Pods-GroceryStoreApp.debug.xcconfig */;
			buildSettings = {
				ASSETCATALOG_COMPILER_APPICON_NAME = AppIcon;
				CODE_SIGN_ENTITLEMENTS = GroceryStoreApp/GroceryStoreApp.entitlements;
				CODE_SIGN_IDENTITY = "iPhone Developer: Max Paspa (R39Y83USH8)";
				"CODE_SIGN_IDENTITY[sdk=iphoneos*]" = "iPhone Developer";
				CODE_SIGN_STYLE = Manual;
				DEVELOPMENT_TEAM = 495AX3EK9J;
				"GCC_PREPROCESSOR_DEFINITIONS[arch=*]" = "TOKEN_ENV_SANDBOX=1";
				INFOPLIST_FILE = GroceryStoreApp/Info.plist;
				LD_RUNPATH_SEARCH_PATHS = "$(inherited) @executable_path/Frameworks";
				PRODUCT_BUNDLE_IDENTIFIER = com.testcompanymax.aa.bb.abc;
				PRODUCT_NAME = "$(TARGET_NAME)";
				PROVISIONING_PROFILE = "4b1b2e34-0685-49e9-94c6-f97c35415dd0";
				PROVISIONING_PROFILE_SPECIFIER = "Max Paspa";
				SWIFT_SWIFT3_OBJC_INFERENCE = On;
				SWIFT_VERSION = 4.0;
			};
			name = Debug;
		};
		309A84751F79CC4700AACF26 /* Release */ = {
			isa = XCBuildConfiguration;
			baseConfigurationReference = 1ADF6F839D0BA0570EBCD9C8 /* Pods-GroceryStoreApp.release.xcconfig */;
			buildSettings = {
				ASSETCATALOG_COMPILER_APPICON_NAME = AppIcon;
				CODE_SIGN_ENTITLEMENTS = GroceryStoreApp/GroceryStoreApp.entitlements;
				CODE_SIGN_IDENTITY = "iPhone Developer: Max Paspa (R39Y83USH8)";
				"CODE_SIGN_IDENTITY[sdk=iphoneos*]" = "iPhone Developer";
				CODE_SIGN_STYLE = Manual;
				DEVELOPMENT_TEAM = 495AX3EK9J;
				INFOPLIST_FILE = GroceryStoreApp/Info.plist;
				LD_RUNPATH_SEARCH_PATHS = "$(inherited) @executable_path/Frameworks";
				PRODUCT_BUNDLE_IDENTIFIER = com.testcompanymax.aa.bb.abc;
				PRODUCT_NAME = "$(TARGET_NAME)";
				PROVISIONING_PROFILE = "7a4ca79c-fb98-4f65-adeb-64f9571775cf";
				PROVISIONING_PROFILE_SPECIFIER = "Max Paspa";
				SWIFT_SWIFT3_OBJC_INFERENCE = On;
				SWIFT_VERSION = 4.0;
			};
			name = Release;
		};
		309A84771F79CC4700AACF26 /* Debug */ = {
			isa = XCBuildConfiguration;
			baseConfigurationReference = E9F3AB7C35805A0856A680CD /* Pods-GroceryStoreAppTests.debug.xcconfig */;
			buildSettings = {
				ALWAYS_EMBED_SWIFT_STANDARD_LIBRARIES = YES;
				BUNDLE_LOADER = "$(TEST_HOST)";
				INFOPLIST_FILE = GroceryStoreAppTests/Info.plist;
				LD_RUNPATH_SEARCH_PATHS = "$(inherited) @executable_path/Frameworks @loader_path/Frameworks";
				PRODUCT_BUNDLE_IDENTIFIER = com.testcompany.GrocerStoreApp.GroceryStoreAppTests;
				PRODUCT_NAME = "$(TARGET_NAME)";
				SWIFT_SWIFT3_OBJC_INFERENCE = On;
				SWIFT_VERSION = 4.0;
				TEST_HOST = "$(BUILT_PRODUCTS_DIR)/GroceryStoreApp.app/GroceryStoreApp";
			};
			name = Debug;
		};
		309A84781F79CC4700AACF26 /* Release */ = {
			isa = XCBuildConfiguration;
			baseConfigurationReference = 7B81C7D0ACF5E06F407264E4 /* Pods-GroceryStoreAppTests.release.xcconfig */;
			buildSettings = {
				ALWAYS_EMBED_SWIFT_STANDARD_LIBRARIES = YES;
				BUNDLE_LOADER = "$(TEST_HOST)";
				INFOPLIST_FILE = GroceryStoreAppTests/Info.plist;
				LD_RUNPATH_SEARCH_PATHS = "$(inherited) @executable_path/Frameworks @loader_path/Frameworks";
				PRODUCT_BUNDLE_IDENTIFIER = com.testcompany.GrocerStoreApp.GroceryStoreAppTests;
				PRODUCT_NAME = "$(TARGET_NAME)";
				SWIFT_SWIFT3_OBJC_INFERENCE = On;
				SWIFT_VERSION = 4.0;
				TEST_HOST = "$(BUILT_PRODUCTS_DIR)/GroceryStoreApp.app/GroceryStoreApp";
			};
			name = Release;
		};
		309A847A1F79CC4700AACF26 /* Debug */ = {
			isa = XCBuildConfiguration;
			baseConfigurationReference = 09BFD0B547D597FA430DFC64 /* Pods-GroceryStoreAppUITests.debug.xcconfig */;
			buildSettings = {
				ALWAYS_EMBED_SWIFT_STANDARD_LIBRARIES = YES;
				INFOPLIST_FILE = GroceryStoreAppUITests/Info.plist;
				LD_RUNPATH_SEARCH_PATHS = "$(inherited) @executable_path/Frameworks @loader_path/Frameworks";
				PRODUCT_BUNDLE_IDENTIFIER = com.testcompany.GrocerStoreApp.GroceryStoreAppUITests;
				PRODUCT_NAME = "$(TARGET_NAME)";
				SWIFT_SWIFT3_OBJC_INFERENCE = On;
				SWIFT_VERSION = 4.0;
				TEST_TARGET_NAME = GroceryStoreApp;
			};
			name = Debug;
		};
		309A847B1F79CC4700AACF26 /* Release */ = {
			isa = XCBuildConfiguration;
			baseConfigurationReference = 001CFA4AB9A98FC1C333D3DB /* Pods-GroceryStoreAppUITests.release.xcconfig */;
			buildSettings = {
				ALWAYS_EMBED_SWIFT_STANDARD_LIBRARIES = YES;
				INFOPLIST_FILE = GroceryStoreAppUITests/Info.plist;
				LD_RUNPATH_SEARCH_PATHS = "$(inherited) @executable_path/Frameworks @loader_path/Frameworks";
				PRODUCT_BUNDLE_IDENTIFIER = com.testcompany.GrocerStoreApp.GroceryStoreAppUITests;
				PRODUCT_NAME = "$(TARGET_NAME)";
				SWIFT_SWIFT3_OBJC_INFERENCE = On;
				SWIFT_VERSION = 4.0;
				TEST_TARGET_NAME = GroceryStoreApp;
			};
			name = Release;
		};
/* End XCBuildConfiguration section */

/* Begin XCConfigurationList section */
		309A84461F79CC4600AACF26 /* Build configuration list for PBXProject "GroceryStoreApp" */ = {
			isa = XCConfigurationList;
			buildConfigurations = (
				309A84711F79CC4700AACF26 /* Debug */,
				309A84721F79CC4700AACF26 /* Release */,
			);
			defaultConfigurationIsVisible = 0;
			defaultConfigurationName = Release;
		};
		309A84731F79CC4700AACF26 /* Build configuration list for PBXNativeTarget "GroceryStoreApp" */ = {
			isa = XCConfigurationList;
			buildConfigurations = (
				309A84741F79CC4700AACF26 /* Debug */,
				309A84751F79CC4700AACF26 /* Release */,
			);
			defaultConfigurationIsVisible = 0;
			defaultConfigurationName = Release;
		};
		309A84761F79CC4700AACF26 /* Build configuration list for PBXNativeTarget "GroceryStoreAppTests" */ = {
			isa = XCConfigurationList;
			buildConfigurations = (
				309A84771F79CC4700AACF26 /* Debug */,
				309A84781F79CC4700AACF26 /* Release */,
			);
			defaultConfigurationIsVisible = 0;
			defaultConfigurationName = Release;
		};
		309A84791F79CC4700AACF26 /* Build configuration list for PBXNativeTarget "GroceryStoreAppUITests" */ = {
			isa = XCConfigurationList;
			buildConfigurations = (
				309A847A1F79CC4700AACF26 /* Debug */,
				309A847B1F79CC4700AACF26 /* Release */,
			);
			defaultConfigurationIsVisible = 0;
			defaultConfigurationName = Release;
		};
/* End XCConfigurationList section */
	};
	rootObject = 309A84431F79CC4600AACF26 /* Project object */;
}
